
Microsoft Visual Studio Solution File, Format Version 12.00
Project("{FAE04EC0-301F-11D3-BF4B-00C04F79EFBC}") = "JwtAuth", "JwtAuth\JwtAuth.csproj", "{2F61F563-42BA-4479-9612-B6B3E9CD885A}"
EndProject
Global
	GlobalSection(SolutionConfigurationPlatforms) = preSolution
		Debug|Any CPU = Debug|Any CPU
		Release|Any CPU = Release|Any CPU
	EndGlobalSection
	GlobalSection(ProjectConfigurationPlatforms) = postSolution
		{2F61F563-42BA-4479-9612-B6B3E9CD885A}.Debug|Any CPU.ActiveCfg = Debug|Any CPU
		{2F61F563-42BA-4479-9612-B6B3E9CD885A}.Debug|Any CPU.Build.0 = Debug|Any CPU
		{2F61F563-42BA-4479-9612-B6B3E9CD885A}.Release|Any CPU.ActiveCfg = Release|Any CPU
		{2F61F563-42BA-4479-9612-B6B3E9CD885A}.Release|Any CPU.Build.0 = Release|Any CPU
	EndGlobalSection
EndGlobal
